
Microsoft Visual Studio Solution File, Format Version 12.00
# Visual Studio Version 17
VisualStudioVersion = 17.5.002.0
MinimumVisualStudioVersion = 10.0.40219.1
Project("{9A19103F-16F7-4668-BE54-9A1E7A4F7556}") = "minimal-api-distributed-redis-cache", "minimal-api-distributed-redis-cache.csproj", "{CEF37BAF-E988-4E0D-BB37-5CF757E2B095}"
EndProject
Global
	GlobalSection(SolutionConfigurationPlatforms) = preSolution
		Debug|Any CPU = Debug|Any CPU
		Release|Any CPU = Release|Any CPU
	EndGlobalSection
	GlobalSection(ProjectConfigurationPlatforms) = postSolution
		{CEF37BAF-E988-4E0D-BB37-5CF757E2B095}.Debug|Any CPU.ActiveCfg = Debug|Any CPU
		{CEF37BAF-E988-4E0D-BB37-5CF757E2B095}.Debug|Any CPU.Build.0 = Debug|Any CPU
		{CEF37BAF-E988-4E0D-BB37-5CF757E2B095}.Release|Any CPU.ActiveCfg = Release|Any CPU
		{CEF37BAF-E988-4E0D-BB37-5CF757E2B095}.Release|Any CPU.Build.0 = Release|Any CPU
	EndGlobalSection
	GlobalSection(SolutionProperties) = preSolution
		HideSolutionNode = FALSE
	EndGlobalSection
	GlobalSection(ExtensibilityGlobals) = postSolution
		SolutionGuid = {6C057666-299C-4466-B3BC-7357C90101D4}
	EndGlobalSection
EndGlobal
